Microsoft Visual Studio Solution File, Format Version 12.00
# Visual Studio Version 17
VisualStudioVersion = 17.5.2.0
MinimumVisualStudioVersion = 10.0.40219.1
Project("{FAE04EC0-301F-11D3-BF4B-00C04F79EFBC}") = "TransportApp", "TransportApp\TransportApp.csproj", "{6B0F6BD2-FE2B-306A-02C3-200461C01943}"
EndProject
Global
	GlobalSection(SolutionConfigurationPlatforms) = preSolution
		Debug|Any CPU = Debug|Any CPU
		Release|Any CPU = Release|Any CPU
	EndGlobalSection
	GlobalSection(ProjectConfigurationPlatforms) = postSolution
		{6B0F6BD2-FE2B-306A-02C3-200461C01943}.Debug|Any CPU.ActiveCfg = Debug|Any CPU
		{6B0F6BD2-FE2B-306A-02C3-200461C01943}.Debug|Any CPU.Build.0 = Debug|Any CPU
		{6B0F6BD2-FE2B-306A-02C3-200461C01943}.Release|Any CPU.ActiveCfg = Release|Any CPU
		{6B0F6BD2-FE2B-306A-02C3-200461C01943}.Release|Any CPU.Build.0 = Release|Any CPU
	EndGlobalSection
	GlobalSection(SolutionProperties) = preSolution
		HideSolutionNode = FALSE
	EndGlobalSection
	GlobalSection(ExtensibilityGlobals) = postSolution
		SolutionGuid = {51DAFA32-B349-4279-ABA4-B77B0629CAF8}
	EndGlobalSection
EndGlobal
