Microsoft Visual Studio Solution File, Format Version 12.00
# Visual Studio Version 17
VisualStudioVersion = 17.5.2.0
MinimumVisualStudioVersion = 10.0.40219.1
Project("{FAE04EC0-301F-11D3-BF4B-00C04F79EFBC}") = "AnimalsProgram", "AnimalsProgram.csproj", "{842A6737-5D2D-FCC3-C1AF-7EEEF3C56E0A}"
EndProject
Global
	GlobalSection(SolutionConfigurationPlatforms) = preSolution
		Debug|Any CPU = Debug|Any CPU
		Release|Any CPU = Release|Any CPU
	EndGlobalSection
	GlobalSection(ProjectConfigurationPlatforms) = postSolution
		{842A6737-5D2D-FCC3-C1AF-7EEEF3C56E0A}.Debug|Any CPU.ActiveCfg = Debug|Any CPU
		{842A6737-5D2D-FCC3-C1AF-7EEEF3C56E0A}.Debug|Any CPU.Build.0 = Debug|Any CPU
		{842A6737-5D2D-FCC3-C1AF-7EEEF3C56E0A}.Release|Any CPU.ActiveCfg = Release|Any CPU
		{842A6737-5D2D-FCC3-C1AF-7EEEF3C56E0A}.Release|Any CPU.Build.0 = Release|Any CPU
	EndGlobalSection
	GlobalSection(SolutionProperties) = preSolution
		HideSolutionNode = FALSE
	EndGlobalSection
	GlobalSection(ExtensibilityGlobals) = postSolution
		SolutionGuid = {47B9A619-921B-452E-9949-B567D7F0C3C1}
	EndGlobalSection
EndGlobal
